// !$*UTF8*$!
{
	archiveVersion = 1;
	classes = {
	};
	objectVersion = 50;
	objects = {

/* Begin PBXBuildFile section */
		EA77A2E621BCE435003B1644 /* TimeIntervalExtension.swift in Sources */ = {isa = PBXBuildFile; fileRef = EA77A2E521BCE435003B1644 /* TimeIntervalExtension.swift */; };
		EA77A2E821BCE931003B1644 /* IntExtension.swift in Sources */ = {isa = PBXBuildFile; fileRef = EA77A2E721BCE931003B1644 /* IntExtension.swift */; };
		EA910A2721BB7BA800651ABE /* AppDelegate.swift in Sources */ = {isa = PBXBuildFile; fileRef = EA910A2621BB7BA800651ABE /* AppDelegate.swift */; };
		EA910A2921BB7BA800651ABE /* ViewController.swift in Sources */ = {isa = PBXBuildFile; fileRef = EA910A2821BB7BA800651ABE /* ViewController.swift */; };
		EA910A2C21BB7BA800651ABE /* Main.storyboard in Resources */ = {isa = PBXBuildFile; fileRef = EA910A2A21BB7BA800651ABE /* Main.storyboard */; };
		EA910A2E21BB7BA900651ABE /* Assets.xcassets in Resources */ = {isa = PBXBuildFile; fileRef = EA910A2D21BB7BA900651ABE /* Assets.xcassets */; };
		EA910A3121BB7BA900651ABE /* LaunchScreen.storyboard in Resources */ = {isa = PBXBuildFile; fileRef = EA910A2F21BB7BA900651ABE /* LaunchScreen.storyboard */; };
		EA910A3A21BB7ED300651ABE /* AlertDialog.swift in Sources */ = {isa = PBXBuildFile; fileRef = EA910A3921BB7ED300651ABE /* AlertDialog.swift */; };
		EA910A3D21BB921300651ABE /* UIViewExtension.swift in Sources */ = {isa = PBXBuildFile; fileRef = EA910A3C21BB921300651ABE /* UIViewExtension.swift */; };
		EA910A4121BB9C1900651ABE /* FloatingPointExtension.swift in Sources */ = {isa = PBXBuildFile; fileRef = EA910A4021BB9C1900651ABE /* FloatingPointExtension.swift */; };
		EA910A4421BBAA8700651ABE /* VisualizeDegreesView.swift in Sources */ = {isa = PBXBuildFile; fileRef = EA910A4321BBAA8700651ABE /* VisualizeDegreesView.swift */; };
		EA910A4621BBCE0C00651ABE /* LeftVisualizeDegreesView.swift in Sources */ = {isa = PBXBuildFile; fileRef = EA910A4521BBCE0C00651ABE /* LeftVisualizeDegreesView.swift */; };
		EA910A4821BBCF4F00651ABE /* RightVisualizeDegreesView.swift in Sources */ = {isa = PBXBuildFile; fileRef = EA910A4721BBCF4F00651ABE /* RightVisualizeDegreesView.swift */; };
/* End PBXBuildFile section */

/* Begin PBXFileReference section */
		EA77A2E521BCE435003B1644 /* TimeIntervalExtension.swift */ = {isa = PBXFileReference; lastKnownFileType = sourcecode.swift; path = TimeIntervalExtension.swift; sourceTree = "<group>"; };
		EA77A2E721BCE931003B1644 /* IntExtension.swift */ = {isa = PBXFileReference; lastKnownFileType = sourcecode.swift; path = IntExtension.swift; sourceTree = "<group>"; };
		EA910A2321BB7BA800651ABE /* VisualizeLineOfSight-Demo.app */ = {isa = PBXFileReference; explicitFileType = wrapper.application; includeInIndex = 0; path = "VisualizeLineOfSight-Demo.app"; sourceTree = BUILT_PRODUCTS_DIR; };
		EA910A2621BB7BA800651ABE /* AppDelegate.swift */ = {isa = PBXFileReference; lastKnownFileType = sourcecode.swift; path = AppDelegate.swift; sourceTree = "<group>"; };
		EA910A2821BB7BA800651ABE /* ViewController.swift */ = {isa = PBXFileReference; lastKnownFileType = sourcecode.swift; path = ViewController.swift; sourceTree = "<group>"; };
		EA910A2B21BB7BA800651ABE /* Base */ = {isa = PBXFileReference; lastKnownFileType = file.storyboard; name = Base; path = Base.lproj/Main.storyboard; sourceTree = "<group>"; };
		EA910A2D21BB7BA900651ABE /* Assets.xcassets */ = {isa = PBXFileReference; lastKnownFileType = folder.assetcatalog; path = Assets.xcassets; sourceTree = "<group>"; };
		EA910A3021BB7BA900651ABE /* Base */ = {isa = PBXFileReference; lastKnownFileType = file.storyboard; name = Base; path = Base.lproj/LaunchScreen.storyboard; sourceTree = "<group>"; };
		EA910A3221BB7BA900651ABE /* Info.plist */ = {isa = PBXFileReference; lastKnownFileType = text.plist.xml; path = Info.plist; sourceTree = "<group>"; };
		EA910A3921BB7ED300651ABE /* AlertDialog.swift */ = {isa = PBXFileReference; lastKnownFileType = sourcecode.swift; path = AlertDialog.swift; sourceTree = "<group>"; };
		EA910A3C21BB921300651ABE /* UIViewExtension.swift */ = {isa = PBXFileReference; lastKnownFileType = sourcecode.swift; path = UIViewExtension.swift; sourceTree = "<group>"; };
		EA910A4021BB9C1900651ABE /* FloatingPointExtension.swift */ = {isa = PBXFileReference; lastKnownFileType = sourcecode.swift; path = FloatingPointExtension.swift; sourceTree = "<group>"; };
		EA910A4321BBAA8700651ABE /* VisualizeDegreesView.swift */ = {isa = PBXFileReference; lastKnownFileType = sourcecode.swift; path = VisualizeDegreesView.swift; sourceTree = "<group>"; };
		EA910A4521BBCE0C00651ABE /* LeftVisualizeDegreesView.swift */ = {isa = PBXFileReference; lastKnownFileType = sourcecode.swift; path = LeftVisualizeDegreesView.swift; sourceTree = "<group>"; };
		EA910A4721BBCF4F00651ABE /* RightVisualizeDegreesView.swift */ = {isa = PBXFileReference; lastKnownFileType = sourcecode.swift; path = RightVisualizeDegreesView.swift; sourceTree = "<group>"; };
/* End PBXFileReference section */

/* Begin PBXFrameworksBuildPhase section */
		EA910A2021BB7BA800651ABE /* Frameworks */ = {
			isa = PBXFrameworksBuildPhase;
			buildActionMask = 2147483647;
			files = (
			);
			runOnlyForDeploymentPostprocessing = 0;
		};
/* End PBXFrameworksBuildPhase section */

/* Begin PBXGroup section */
		EA910A1A21BB7BA800651ABE = {
			isa = PBXGroup;
			children = (
				EA910A2521BB7BA800651ABE /* VisualizeLineOfSight-Demo */,
				EA910A2421BB7BA800651ABE /* Products */,
			);
			sourceTree = "<group>";
		};
		EA910A2421BB7BA800651ABE /* Products */ = {
			isa = PBXGroup;
			children = (
				EA910A2321BB7BA800651ABE /* VisualizeLineOfSight-Demo.app */,
			);
			name = Products;
			sourceTree = "<group>";
		};
		EA910A2521BB7BA800651ABE /* VisualizeLineOfSight-Demo */ = {
			isa = PBXGroup;
			children = (
				EA910A3B21BB920400651ABE /* Extensions */,
				EA910A3821BB7EB300651ABE /* Service */,
				EA910A2621BB7BA800651ABE /* AppDelegate.swift */,
				EA910A2821BB7BA800651ABE /* ViewController.swift */,
				EA910A2A21BB7BA800651ABE /* Main.storyboard */,
				EA910A2D21BB7BA900651ABE /* Assets.xcassets */,
				EA910A2F21BB7BA900651ABE /* LaunchScreen.storyboard */,
				EA910A3221BB7BA900651ABE /* Info.plist */,
			);
			path = "VisualizeLineOfSight-Demo";
			sourceTree = "<group>";
		};
		EA910A3821BB7EB300651ABE /* Service */ = {
			isa = PBXGroup;
			children = (
				EA910A4321BBAA8700651ABE /* VisualizeDegreesView.swift */,
				EA910A4521BBCE0C00651ABE /* LeftVisualizeDegreesView.swift */,
				EA910A4721BBCF4F00651ABE /* RightVisualizeDegreesView.swift */,
				EA910A3921BB7ED300651ABE /* AlertDialog.swift */,
			);
			path = Service;
			sourceTree = "<group>";
		};
		EA910A3B21BB920400651ABE /* Extensions */ = {
			isa = PBXGroup;
			children = (
				EA910A3C21BB921300651ABE /* UIViewExtension.swift */,
				EA910A4021BB9C1900651ABE /* FloatingPointExtension.swift */,
				EA77A2E521BCE435003B1644 /* TimeIntervalExtension.swift */,
				EA77A2E721BCE931003B1644 /* IntExtension.swift */,
			);
			path = Extensions;
			sourceTree = "<group>";
		};
/* End PBXGroup section */

/* Begin PBXNativeTarget section */
		EA910A2221BB7BA800651ABE /* VisualizeLineOfSight-Demo */ = {
			isa = PBXNativeTarget;
			buildConfigurationList = EA910A3521BB7BA900651ABE /* Build configuration list for PBXNativeTarget "VisualizeLineOfSight-Demo" */;
			buildPhases = (
				EA910A1F21BB7BA800651ABE /* Sources */,
				EA910A2021BB7BA800651ABE /* Frameworks */,
				EA910A2121BB7BA800651ABE /* Resources */,
			);
			buildRules = (
			);
			dependencies = (
			);
			name = "VisualizeLineOfSight-Demo";
			productName = "VisualizeLineOfSight-Demo";
			productReference = EA910A2321BB7BA800651ABE /* VisualizeLineOfSight-Demo.app */;
			productType = "com.apple.product-type.application";
		};
/* End PBXNativeTarget section */

/* Begin PBXProject section */
		EA910A1B21BB7BA800651ABE /* Project object */ = {
			isa = PBXProject;
			attributes = {
				LastSwiftUpdateCheck = 1010;
				LastUpgradeCheck = 1010;
				ORGANIZATIONNAME = "aptpod,Inc.";
				TargetAttributes = {
					EA910A2221BB7BA800651ABE = {
						CreatedOnToolsVersion = 10.1;
					};
				};
			};
			buildConfigurationList = EA910A1E21BB7BA800651ABE /* Build configuration list for PBXProject "VisualizeLineOfSight-Demo" */;
			compatibilityVersion = "Xcode 9.3";
			developmentRegion = en;
			hasScannedForEncodings = 0;
			knownRegions = (
				en,
				Base,
			);
			mainGroup = EA910A1A21BB7BA800651ABE;
			productRefGroup = EA910A2421BB7BA800651ABE /* Products */;
			projectDirPath = "";
			projectRoot = "";
			targets = (
				EA910A2221BB7BA800651ABE /* VisualizeLineOfSight-Demo */,
			);
		};
/* End PBXProject section */

/* Begin PBXResourcesBuildPhase section */
		EA910A2121BB7BA800651ABE /* Resources */ = {
			isa = PBXResourcesBuildPhase;
			buildActionMask = 2147483647;
			files = (
				EA910A3121BB7BA900651ABE /* LaunchScreen.storyboard in Resources */,
				EA910A2E21BB7BA900651ABE /* Assets.xcassets in Resources */,
				EA910A2C21BB7BA800651ABE /* Main.storyboard in Resources */,
			);
			runOnlyForDeploymentPostprocessing = 0;
		};
/* End PBXResourcesBuildPhase section */

/* Begin PBXSourcesBuildPhase section */
		EA910A1F21BB7BA800651ABE /* Sources */ = {
			isa = PBXSourcesBuildPhase;
			buildActionMask = 2147483647;
			files = (
				EA910A4621BBCE0C00651ABE /* LeftVisualizeDegreesView.swift in Sources */,
				EA910A3A21BB7ED300651ABE /* AlertDialog.swift in Sources */,
				EA910A3D21BB921300651ABE /* UIViewExtension.swift in Sources */,
				EA77A2E821BCE931003B1644 /* IntExtension.swift in Sources */,
				EA910A2921BB7BA800651ABE /* ViewController.swift in Sources */,
				EA77A2E621BCE435003B1644 /* TimeIntervalExtension.swift in Sources */,
				EA910A4421BBAA8700651ABE /* VisualizeDegreesView.swift in Sources */,
				EA910A4121BB9C1900651ABE /* FloatingPointExtension.swift in Sources */,
				EA910A4821BBCF4F00651ABE /* RightVisualizeDegreesView.swift in Sources */,
				EA910A2721BB7BA800651ABE /* AppDelegate.swift in Sources */,
			);
			runOnlyForDeploymentPostprocessing = 0;
		};
/* End PBXSourcesBuildPhase section */

/* Begin PBXVariantGroup section */
		EA910A2A21BB7BA800651ABE /* Main.storyboard */ = {
			isa = PBXVariantGroup;
			children = (
				EA910A2B21BB7BA800651ABE /* Base */,
			);
			name = Main.storyboard;
			sourceTree = "<group>";
		};
		EA910A2F21BB7BA900651ABE /* LaunchScreen.storyboard */ = {
			isa = PBXVariantGroup;
			children = (
				EA910A3021BB7BA900651ABE /* Base */,
			);
			name = LaunchScreen.storyboard;
			sourceTree = "<group>";
		};
/* End PBXVariantGroup section */

/* Begin XCBuildConfiguration section */
		EA910A3321BB7BA900651ABE /* Debug */ = {
			isa = XCBuildConfiguration;
			buildSettings = {
				ALWAYS_SEARCH_USER_PATHS = NO;
				CLANG_ANALYZER_NONNULL = YES;
				CLANG_ANALYZER_NUMBER_OBJECT_CONVERSION = YES_AGGRESSIVE;
				CLANG_CXX_LANGUAGE_STANDARD = "gnu++14";
				CLANG_CXX_LIBRARY = "libc++";
				CLANG_ENABLE_MODULES = YES;
				CLANG_ENABLE_OBJC_ARC = YES;
				CLANG_ENABLE_OBJC_WEAK = YES;
				CLANG_WARN_BLOCK_CAPTURE_AUTORELEASING = YES;
				CLANG_WARN_BOOL_CONVERSION = YES;
				CLANG_WARN_COMMA = YES;
				CLANG_WARN_CONSTANT_CONVERSION = YES;
				CLANG_WARN_DEPRECATED_OBJC_IMPLEMENTATIONS = YES;
				CLANG_WARN_DIRECT_OBJC_ISA_USAGE = YES_ERROR;
				CLANG_WARN_DOCUMENTATION_COMMENTS = YES;
				CLANG_WARN_EMPTY_BODY = YES;
				CLANG_WARN_ENUM_CONVERSION = YES;
				CLANG_WARN_INFINITE_RECURSION = YES;
				CLANG_WARN_INT_CONVERSION = YES;
				CLANG_WARN_NON_LITERAL_NULL_CONVERSION = YES;
				CLANG_WARN_OBJC_IMPLICIT_RETAIN_SELF = YES;
				CLANG_WARN_OBJC_LITERAL_CONVERSION = YES;
				CLANG_WARN_OBJC_ROOT_CLASS = YES_ERROR;
				CLANG_WARN_RANGE_LOOP_ANALYSIS = YES;
				CLANG_WARN_STRICT_PROTOTYPES = YES;
				CLANG_WARN_SUSPICIOUS_MOVE = YES;
				CLANG_WARN_UNGUARDED_AVAILABILITY = YES_AGGRESSIVE;
				CLANG_WARN_UNREACHABLE_CODE = YES;
				CLANG_WARN__DUPLICATE_METHOD_MATCH = YES;
				CODE_SIGN_IDENTITY = "iPhone Developer";
				COPY_PHASE_STRIP = NO;
				DEBUG_INFORMATION_FORMAT = dwarf;
				ENABLE_STRICT_OBJC_MSGSEND = YES;
				ENABLE_TESTABILITY = YES;
				GCC_C_LANGUAGE_STANDARD = gnu11;
				GCC_DYNAMIC_NO_PIC = NO;
				GCC_NO_COMMON_BLOCKS = YES;
				GCC_OPTIMIZATION_LEVEL = 0;
				GCC_PREPROCESSOR_DEFINITIONS = (
					"DEBUG=1",
					"$(inherited)",
				);
				GCC_WARN_64_TO_32_BIT_CONVERSION = YES;
				GCC_WARN_ABOUT_RETURN_TYPE = YES_ERROR;
				GCC_WARN_UNDECLARED_SELECTOR = YES;
				GCC_WARN_UNINITIALIZED_AUTOS = YES_AGGRESSIVE;
				GCC_WARN_UNUSED_FUNCTION = YES;
				GCC_WARN_UNUSED_VARIABLE = YES;
				IPHONEOS_DEPLOYMENT_TARGET = 12.1;
				MTL_ENABLE_DEBUG_INFO = INCLUDE_SOURCE;
				MTL_FAST_MATH = YES;
				ONLY_ACTIVE_ARCH = YES;
				SDKROOT = iphoneos;
				SWIFT_ACTIVE_COMPILATION_CONDITIONS = DEBUG;
				SWIFT_OPTIMIZATION_LEVEL = "-Onone";
			};
			name = Debug;
		};
		EA910A3421BB7BA900651ABE /* Release */ = {
			isa = XCBuildConfiguration;
			buildSettings = {
				ALWAYS_SEARCH_USER_PATHS = NO;
				CLANG_ANALYZER_NONNULL = YES;
				CLANG_ANALYZER_NUMBER_OBJECT_CONVERSION = YES_AGGRESSIVE;
				CLANG_CXX_LANGUAGE_STANDARD = "gnu++14";
				CLANG_CXX_LIBRARY = "libc++";
				CLANG_ENABLE_MODULES = YES;
				CLANG_ENABLE_OBJC_ARC = YES;
				CLANG_ENABLE_OBJC_WEAK = YES;
				CLANG_WARN_BLOCK_CAPTURE_AUTORELEASING = YES;
				CLANG_WARN_BOOL_CONVERSION = YES;
				CLANG_WARN_COMMA = YES;
				CLANG_WARN_CONSTANT_CONVERSION = YES;
				CLANG_WARN_DEPRECATED_OBJC_IMPLEMENTATIONS = YES;
				CLANG_WARN_DIRECT_OBJC_ISA_USAGE = YES_ERROR;
				CLANG_WARN_DOCUMENTATION_COMMENTS = YES;
				CLANG_WARN_EMPTY_BODY = YES;
				CLANG_WARN_ENUM_CONVERSION = YES;
				CLANG_WARN_INFINITE_RECURSION = YES;
				CLANG_WARN_INT_CONVERSION = YES;
				CLANG_WARN_NON_LITERAL_NULL_CONVERSION = YES;
				CLANG_WARN_OBJC_IMPLICIT_RETAIN_SELF = YES;
				CLANG_WARN_OBJC_LITERAL_CONVERSION = YES;
				CLANG_WARN_OBJC_ROOT_CLASS = YES_ERROR;
				CLANG_WARN_RANGE_LOOP_ANALYSIS = YES;
				CLANG_WARN_STRICT_PROTOTYPES = YES;
				CLANG_WARN_SUSPICIOUS_MOVE = YES;
				CLANG_WARN_UNGUARDED_AVAILABILITY = YES_AGGRESSIVE;
				CLANG_WARN_UNREACHABLE_CODE = YES;
				CLANG_WARN__DUPLICATE_METHOD_MATCH = YES;
				CODE_SIGN_IDENTITY = "iPhone Developer";
				COPY_PHASE_STRIP = NO;
				DEBUG_INFORMATION_FORMAT = "dwarf-with-dsym";
				ENABLE_NS_ASSERTIONS = NO;
				ENABLE_STRICT_OBJC_MSGSEND = YES;
				GCC_C_LANGUAGE_STANDARD = gnu11;
				GCC_NO_COMMON_BLOCKS = YES;
				GCC_WARN_64_TO_32_BIT_CONVERSION = YES;
				GCC_WARN_ABOUT_RETURN_TYPE = YES_ERROR;
				GCC_WARN_UNDECLARED_SELECTOR = YES;
				GCC_WARN_UNINITIALIZED_AUTOS = YES_AGGRESSIVE;
				GCC_WARN_UNUSED_FUNCTION = YES;
				GCC_WARN_UNUSED_VARIABLE = YES;
				IPHONEOS_DEPLOYMENT_TARGET = 12.1;
				MTL_ENABLE_DEBUG_INFO = NO;
				MTL_FAST_MATH = YES;
				SDKROOT = iphoneos;
				SWIFT_COMPILATION_MODE = wholemodule;
				SWIFT_OPTIMIZATION_LEVEL = "-O";
				VALIDATE_PRODUCT = YES;
			};
			name = Release;
		};
		EA910A3621BB7BA900651ABE /* Debug */ = {
			isa = XCBuildConfiguration;
			buildSettings = {
				ASSETCATALOG_COMPILER_APPICON_NAME = AppIcon;
				CODE_SIGN_STYLE = Manual;
				DEVELOPMENT_TEAM = "";
				INFOPLIST_FILE = "VisualizeLineOfSight-Demo/Info.plist";
				IPHONEOS_DEPLOYMENT_TARGET = 12.0;
				LD_RUNPATH_SEARCH_PATHS = (
					"$(inherited)",
					"@executable_path/Frameworks",
				);
				PRODUCT_BUNDLE_IDENTIFIER = "com.aptpod.ios.VisualizeLineOfSight-Demo";
				PRODUCT_NAME = "$(TARGET_NAME)";
				PROVISIONING_PROFILE_SPECIFIER = "";
				SWIFT_VERSION = 4.2;
				TARGETED_DEVICE_FAMILY = "1,2";
			};
			name = Debug;
		};
		EA910A3721BB7BA900651ABE /* Release */ = {
			isa = XCBuildConfiguration;
			buildSettings = {
				ASSETCATALOG_COMPILER_APPICON_NAME = AppIcon;
				CODE_SIGN_STYLE = Manual;
				DEVELOPMENT_TEAM = "";
				INFOPLIST_FILE = "VisualizeLineOfSight-Demo/Info.plist";
				IPHONEOS_DEPLOYMENT_TARGET = 12.0;
				LD_RUNPATH_SEARCH_PATHS = (
					"$(inherited)",
					"@executable_path/Frameworks",
				);
				PRODUCT_BUNDLE_IDENTIFIER = "com.aptpod.ios.VisualizeLineOfSight-Demo";
				PRODUCT_NAME = "$(TARGET_NAME)";
				PROVISIONING_PROFILE_SPECIFIER = "";
				SWIFT_VERSION = 4.2;
				TARGETED_DEVICE_FAMILY = "1,2";
			};
			name = Release;
		};
/* End XCBuildConfiguration section */

/* Begin XCConfigurationList section */
		EA910A1E21BB7BA800651ABE /* Build configuration list for PBXProject "VisualizeLineOfSight-Demo" */ = {
			isa = XCConfigurationList;
			buildConfigurations = (
				EA910A3321BB7BA900651ABE /* Debug */,
				EA910A3421BB7BA900651ABE /* Release */,
			);
			defaultConfigurationIsVisible = 0;
			defaultConfigurationName = Release;
		};
		EA910A3521BB7BA900651ABE /* Build configuration list for PBXNativeTarget "VisualizeLineOfSight-Demo" */ = {
			isa = XCConfigurationList;
			buildConfigurations = (
				EA910A3621BB7BA900651ABE /* Debug */,
				EA910A3721BB7BA900651ABE /* Release */,
			);
			defaultConfigurationIsVisible = 0;
			defaultConfigurationName = Release;
		};
/* End XCConfigurationList section */
	};
	rootObject = EA910A1B21BB7BA800651ABE /* Project object */;
}
